
Microsoft Visual Studio Solution File, Format Version 12.00
# Visual Studio Version 17
VisualStudioVersion = 17.8.34309.116
MinimumVisualStudioVersion = 10.0.40219.1
Project("{FAE04EC0-301F-11D3-BF4B-00C04F79EFBC}") = "EventMe", "EventMe.csproj", "{39A30EAD-E2E8-43CE-963A-8F8584B00917}"
EndProject
Project("{FAE04EC0-301F-11D3-BF4B-00C04F79EFBC}") = "EventMe.Core", "..\EventMe.Core\EventMe.Core.csproj", "{D2E61E0A-31CA-4DEE-BF50-A68512C9EFE6}"
EndProject
Project("{FAE04EC0-301F-11D3-BF4B-00C04F79EFBC}") = "EventMe.Infrastructure", "..\EventMe.Infrastructure\EventMe.Infrastructure.csproj", "{FC8A9053-FF12-45CE-A0D6-4FE23F50A828}"
EndProject
Global
	GlobalSection(SolutionConfigurationPlatforms) = preSolution
		Debug|Any CPU = Debug|Any CPU
		Release|Any CPU = Release|Any CPU
	EndGlobalSection
	GlobalSection(ProjectConfigurationPlatforms) = postSolution
		{39A30EAD-E2E8-43CE-963A-8F8584B00917}.Debug|Any CPU.ActiveCfg = Debug|Any CPU
		{39A30EAD-E2E8-43CE-963A-8F8584B00917}.Debug|Any CPU.Build.0 = Debug|Any CPU
		{39A30EAD-E2E8-43CE-963A-8F8584B00917}.Release|Any CPU.ActiveCfg = Release|Any CPU
		{39A30EAD-E2E8-43CE-963A-8F8584B00917}.Release|Any CPU.Build.0 = Release|Any CPU
		{D2E61E0A-31CA-4DEE-BF50-A68512C9EFE6}.Debug|Any CPU.ActiveCfg = Debug|Any CPU
		{D2E61E0A-31CA-4DEE-BF50-A68512C9EFE6}.Debug|Any CPU.Build.0 = Debug|Any CPU
		{D2E61E0A-31CA-4DEE-BF50-A68512C9EFE6}.Release|Any CPU.ActiveCfg = Release|Any CPU
		{D2E61E0A-31CA-4DEE-BF50-A68512C9EFE6}.Release|Any CPU.Build.0 = Release|Any CPU
		{FC8A9053-FF12-45CE-A0D6-4FE23F50A828}.Debug|Any CPU.ActiveCfg = Debug|Any CPU
		{FC8A9053-FF12-45CE-A0D6-4FE23F50A828}.Debug|Any CPU.Build.0 = Debug|Any CPU
		{FC8A9053-FF12-45CE-A0D6-4FE23F50A828}.Release|Any CPU.ActiveCfg = Release|Any CPU
		{FC8A9053-FF12-45CE-A0D6-4FE23F50A828}.Release|Any CPU.Build.0 = Release|Any CPU
	EndGlobalSection
	GlobalSection(SolutionProperties) = preSolution
		HideSolutionNode = FALSE
	EndGlobalSection
	GlobalSection(ExtensibilityGlobals) = postSolution
		SolutionGuid = {368606D2-8A60-4CEB-8591-371274E32D76}
	EndGlobalSection
EndGlobal
